
Microsoft Visual Studio Solution File, Format Version 10.00
# Visual Studio 2008
Project("{FAE04EC0-301F-11D3-BF4B-00C04F79EFBC}") = "Plex", "Plex\Plex.csproj", "{D6513752-7AE0-42B3-A341-E42F443C09CC}"
EndProject
Global
	GlobalSection(SolutionConfigurationPlatforms) = preSolution
		Debug|Any CPU = Debug|Any CPU
		Release|Any CPU = Release|Any CPU
	EndGlobalSection
	GlobalSection(ProjectConfigurationPlatforms) = postSolution
		{D6513752-7AE0-42B3-A341-E42F443C09CC}.Debug|Any CPU.ActiveCfg = Debug|Any CPU
		{D6513752-7AE0-42B3-A341-E42F443C09CC}.Debug|Any CPU.Build.0 = Debug|Any CPU
		{D6513752-7AE0-42B3-A341-E42F443C09CC}.Release|Any CPU.ActiveCfg = Release|Any CPU
		{D6513752-7AE0-42B3-A341-E42F443C09CC}.Release|Any CPU.Build.0 = Release|Any CPU
	EndGlobalSection
	GlobalSection(SolutionProperties) = preSolution
		HideSolutionNode = FALSE
	EndGlobalSection
EndGlobal
